Microsoft Visual Studio Solution File, Format Version 12.00
# Visual Studio Version 17
VisualStudioVersion = 17.13.35931.197
MinimumVisualStudioVersion = 10.0.40219.1
Project("{FAE04EC0-301F-11D3-BF4B-00C04F79EFBC}") = "BlazorApp1", "BlazorApp1\BlazorApp1.csproj", "{4A56BEFD-F0C8-4862-962B-88EA9E83B64D}"
EndProject
Project("{FAE04EC0-301F-11D3-BF4B-00C04F79EFBC}") = "BlazorApp_zad2", "BlazorApp_zad2\BlazorApp_zad2.csproj", "{8D5AA402-D2B1-44CA-B564-479B883EE395}"
EndProject
Global
	GlobalSection(SolutionConfigurationPlatforms) = preSolution
		Debug|Any CPU = Debug|Any CPU
		Release|Any CPU = Release|Any CPU
	EndGlobalSection
	GlobalSection(ProjectConfigurationPlatforms) = postSolution
		{4A56BEFD-F0C8-4862-962B-88EA9E83B64D}.Debug|Any CPU.ActiveCfg = Debug|Any CPU
		{4A56BEFD-F0C8-4862-962B-88EA9E83B64D}.Debug|Any CPU.Build.0 = Debug|Any CPU
		{4A56BEFD-F0C8-4862-962B-88EA9E83B64D}.Release|Any CPU.ActiveCfg = Release|Any CPU
		{4A56BEFD-F0C8-4862-962B-88EA9E83B64D}.Release|Any CPU.Build.0 = Release|Any CPU
		{8D5AA402-D2B1-44CA-B564-479B883EE395}.Debug|Any CPU.ActiveCfg = Debug|Any CPU
		{8D5AA402-D2B1-44CA-B564-479B883EE395}.Debug|Any CPU.Build.0 = Debug|Any CPU
		{8D5AA402-D2B1-44CA-B564-479B883EE395}.Release|Any CPU.ActiveCfg = Release|Any CPU
		{8D5AA402-D2B1-44CA-B564-479B883EE395}.Release|Any CPU.Build.0 = Release|Any CPU
	EndGlobalSection
	GlobalSection(SolutionProperties) = preSolution
		HideSolutionNode = FALSE
	EndGlobalSection
	GlobalSection(ExtensibilityGlobals) = postSolution
		SolutionGuid = {E5A15FF9-12FD-444C-92A5-D3DAC0199C4A}
	EndGlobalSection
EndGlobal
